
Microsoft Visual Studio Solution File, Format Version 12.00
# Visual Studio 14
VisualStudioVersion = 14.0.25420.1
MinimumVisualStudioVersion = 10.0.40219.1
Project("{FAE04EC0-301F-11D3-BF4B-00C04F79EFBC}") = "RimWorldOnlineCity", "RimWorldOnlineCity.csproj", "{871528EA-8B2C-439D-AD2B-702863331980}"
	ProjectSection(ProjectDependencies) = postProject
		{9513586E-B487-4BEE-A3FB-0D277D4E5B5C} = {9513586E-B487-4BEE-A3FB-0D277D4E5B5C}
	EndProjectSection
EndProject
Project("{FAE04EC0-301F-11D3-BF4B-00C04F79EFBC}") = "UnionDll", "UnionDll\UnionDll\UnionDll.csproj", "{9513586E-B487-4BEE-A3FB-0D277D4E5B5C}"
EndProject
Project("{FAE04EC0-301F-11D3-BF4B-00C04F79EFBC}") = "ServerDll", "ServerDll\ServerDll.csproj", "{BB85A737-6A0A-4D84-BC94-D8657897D46A}"
EndProject
Project("{FAE04EC0-301F-11D3-BF4B-00C04F79EFBC}") = "ServerConsole", "ServerOnlineCity\ServerConsole.csproj", "{E38E0476-8ED6-4F29-9C89-FA545566B838}"
EndProject
Project("{FAE04EC0-301F-11D3-BF4B-00C04F79EFBC}") = "Test", "..\Test\Test.csproj", "{441A5264-235E-4F3D-950C-B30AA597835D}"
EndProject
Project("{FAE04EC0-301F-11D3-BF4B-00C04F79EFBC}") = "Chat", "..\Chat\Chat.csproj", "{648325A2-044D-499C-86E6-7BEFFAE568AE}"
EndProject
Project("{FAE04EC0-301F-11D3-BF4B-00C04F79EFBC}") = "Converter", "..\Converter\Converter.csproj", "{FF65F157-9528-4680-ADB3-4770A8738370}"
EndProject
Global
	GlobalSection(SolutionConfigurationPlatforms) = preSolution
		Debug|Any CPU = Debug|Any CPU
		Release|Any CPU = Release|Any CPU
	EndGlobalSection
	GlobalSection(ProjectConfigurationPlatforms) = postSolution
		{871528EA-8B2C-439D-AD2B-702863331980}.Debug|Any CPU.ActiveCfg = Debug|Any CPU
		{871528EA-8B2C-439D-AD2B-702863331980}.Debug|Any CPU.Build.0 = Debug|Any CPU
		{871528EA-8B2C-439D-AD2B-702863331980}.Release|Any CPU.ActiveCfg = Release|Any CPU
		{871528EA-8B2C-439D-AD2B-702863331980}.Release|Any CPU.Build.0 = Release|Any CPU
		{9513586E-B487-4BEE-A3FB-0D277D4E5B5C}.Debug|Any CPU.ActiveCfg = Debug|Any CPU
		{9513586E-B487-4BEE-A3FB-0D277D4E5B5C}.Debug|Any CPU.Build.0 = Debug|Any CPU
		{9513586E-B487-4BEE-A3FB-0D277D4E5B5C}.Release|Any CPU.ActiveCfg = Release|Any CPU
		{9513586E-B487-4BEE-A3FB-0D277D4E5B5C}.Release|Any CPU.Build.0 = Release|Any CPU
		{BB85A737-6A0A-4D84-BC94-D8657897D46A}.Debug|Any CPU.ActiveCfg = Debug|Any CPU
		{BB85A737-6A0A-4D84-BC94-D8657897D46A}.Debug|Any CPU.Build.0 = Debug|Any CPU
		{BB85A737-6A0A-4D84-BC94-D8657897D46A}.Release|Any CPU.ActiveCfg = Release|Any CPU
		{BB85A737-6A0A-4D84-BC94-D8657897D46A}.Release|Any CPU.Build.0 = Release|Any CPU
		{E38E0476-8ED6-4F29-9C89-FA545566B838}.Debug|Any CPU.ActiveCfg = Debug|Any CPU
		{E38E0476-8ED6-4F29-9C89-FA545566B838}.Debug|Any CPU.Build.0 = Debug|Any CPU
		{E38E0476-8ED6-4F29-9C89-FA545566B838}.Release|Any CPU.ActiveCfg = Release|Any CPU
		{E38E0476-8ED6-4F29-9C89-FA545566B838}.Release|Any CPU.Build.0 = Release|Any CPU
		{441A5264-235E-4F3D-950C-B30AA597835D}.Debug|Any CPU.ActiveCfg = Debug|Any CPU
		{441A5264-235E-4F3D-950C-B30AA597835D}.Debug|Any CPU.Build.0 = Debug|Any CPU
		{441A5264-235E-4F3D-950C-B30AA597835D}.Release|Any CPU.ActiveCfg = Release|Any CPU
		{441A5264-235E-4F3D-950C-B30AA597835D}.Release|Any CPU.Build.0 = Release|Any CPU
		{648325A2-044D-499C-86E6-7BEFFAE568AE}.Debug|Any CPU.ActiveCfg = Debug|Any CPU
		{648325A2-044D-499C-86E6-7BEFFAE568AE}.Debug|Any CPU.Build.0 = Debug|Any CPU
		{648325A2-044D-499C-86E6-7BEFFAE568AE}.Release|Any CPU.ActiveCfg = Release|Any CPU
		{648325A2-044D-499C-86E6-7BEFFAE568AE}.Release|Any CPU.Build.0 = Release|Any CPU
		{FF65F157-9528-4680-ADB3-4770A8738370}.Debug|Any CPU.ActiveCfg = Debug|Any CPU
		{FF65F157-9528-4680-ADB3-4770A8738370}.Debug|Any CPU.Build.0 = Debug|Any CPU
		{FF65F157-9528-4680-ADB3-4770A8738370}.Release|Any CPU.ActiveCfg = Release|Any CPU
		{FF65F157-9528-4680-ADB3-4770A8738370}.Release|Any CPU.Build.0 = Release|Any CPU
	EndGlobalSection
	GlobalSection(SolutionProperties) = preSolution
		HideSolutionNode = FALSE
	EndGlobalSection
EndGlobal
